// !$*UTF8*$!
{
	archiveVersion = 1;
	classes = {
	};
	objectVersion = 56;
	objects = {

/* Begin PBXBuildFile section */
		E10000010000000000000001 /* LangSwitcherApp.swift in Sources */ = {isa = PBXBuildFile; fileRef = E10000020000000000000001 /* LangSwitcherApp.swift */; };
		E10000010000000000000002 /* AppDelegate.swift in Sources */ = {isa = PBXBuildFile; fileRef = E10000020000000000000002 /* AppDelegate.swift */; };
		E10000010000000000000003 /* StatusBarController.swift in Sources */ = {isa = PBXBuildFile; fileRef = E10000020000000000000003 /* StatusBarController.swift */; };
		E10000010000000000000004 /* SettingsView.swift in Sources */ = {isa = PBXBuildFile; fileRef = E10000020000000000000004 /* SettingsView.swift */; };
		E10000010000000000000005 /* AboutView.swift in Sources */ = {isa = PBXBuildFile; fileRef = E10000020000000000000005 /* AboutView.swift */; };
		E10000010000000000000006 /* LayoutMapper.swift in Sources */ = {isa = PBXBuildFile; fileRef = E10000020000000000000006 /* LayoutMapper.swift */; };
		E10000010000000000000007 /* KeyboardLayoutDetector.swift in Sources */ = {isa = PBXBuildFile; fileRef = E10000020000000000000007 /* KeyboardLayoutDetector.swift */; };
		E10000010000000000000008 /* TextConverter.swift in Sources */ = {isa = PBXBuildFile; fileRef = E10000020000000000000008 /* TextConverter.swift */; };
		E10000010000000000000009 /* HotkeyManager.swift in Sources */ = {isa = PBXBuildFile; fileRef = E10000020000000000000009 /* HotkeyManager.swift */; };
		E10000010000000000000010 /* AccessibilityService.swift in Sources */ = {isa = PBXBuildFile; fileRef = E10000020000000000000010 /* AccessibilityService.swift */; };
		E10000010000000000000011 /* SettingsManager.swift in Sources */ = {isa = PBXBuildFile; fileRef = E10000020000000000000011 /* SettingsManager.swift */; };
		E10000010000000000000012 /* KeyboardLayout.swift in Sources */ = {isa = PBXBuildFile; fileRef = E10000020000000000000012 /* KeyboardLayout.swift */; };
		E10000010000000000000013 /* Assets.xcassets in Resources */ = {isa = PBXBuildFile; fileRef = E10000020000000000000013 /* Assets.xcassets */; };
		E10000010000000000000014 /* HotkeyRecorderView.swift in Sources */ = {isa = PBXBuildFile; fileRef = E10000020000000000000014 /* HotkeyRecorderView.swift */; };
		E10000010000000000000015 /* PermissionsView.swift in Sources */ = {isa = PBXBuildFile; fileRef = E10000020000000000000015 /* PermissionsView.swift */; };
		E10000010000000000000016 /* ConversionLog.swift in Sources */ = {isa = PBXBuildFile; fileRef = E10000020000000000000016 /* ConversionLog.swift */; };
		E10000010000000000000017 /* ConversionLogStore.swift in Sources */ = {isa = PBXBuildFile; fileRef = E10000020000000000000017 /* ConversionLogStore.swift */; };
		E10000010000000000000018 /* ConversionLogView.swift in Sources */ = {isa = PBXBuildFile; fileRef = E10000020000000000000018 /* ConversionLogView.swift */; };
		E10000010000000000000019 /* LocalizationManager.swift in Sources */ = {isa = PBXBuildFile; fileRef = E10000020000000000000019 /* LocalizationManager.swift */; };
		E10000010000000000000020 /* Strings_en.swift in Sources */ = {isa = PBXBuildFile; fileRef = E10000020000000000000020 /* Strings_en.swift */; };
		E10000010000000000000021 /* Strings_ru.swift in Sources */ = {isa = PBXBuildFile; fileRef = E10000020000000000000021 /* Strings_ru.swift */; };
		E10000010000000000000101 /* LayoutMapperTests.swift in Sources */ = {isa = PBXBuildFile; fileRef = E10000020000000000000101 /* LayoutMapperTests.swift */; };
		E10000010000000000000102 /* TextConverterTests.swift in Sources */ = {isa = PBXBuildFile; fileRef = E10000020000000000000102 /* TextConverterTests.swift */; };
/* End PBXBuildFile section */

/* Begin PBXContainerItemProxy section */
		E1000000A000000000000001 /* PBXContainerItemProxy */ = {
			isa = PBXContainerItemProxy;
			containerPortal = E10000070000000000000001 /* Project object */;
			proxyType = 1;
			remoteGlobalIDString = E10000060000000000000001;
			remoteInfo = LangSwitcher;
		};
/* End PBXContainerItemProxy section */

/* Begin PBXFileReference section */
		E10000020000000000000001 /* LangSwitcherApp.swift */ = {isa = PBXFileReference; lastKnownFileType = sourcecode.swift; path = LangSwitcherApp.swift; sourceTree = "<group>"; };
		E10000020000000000000002 /* AppDelegate.swift */ = {isa = PBXFileReference; lastKnownFileType = sourcecode.swift; path = AppDelegate.swift; sourceTree = "<group>"; };
		E10000020000000000000003 /* StatusBarController.swift */ = {isa = PBXFileReference; lastKnownFileType = sourcecode.swift; path = StatusBarController.swift; sourceTree = "<group>"; };
		E10000020000000000000004 /* SettingsView.swift */ = {isa = PBXFileReference; lastKnownFileType = sourcecode.swift; path = SettingsView.swift; sourceTree = "<group>"; };
		E10000020000000000000005 /* AboutView.swift */ = {isa = PBXFileReference; lastKnownFileType = sourcecode.swift; path = AboutView.swift; sourceTree = "<group>"; };
		E10000020000000000000006 /* LayoutMapper.swift */ = {isa = PBXFileReference; lastKnownFileType = sourcecode.swift; path = LayoutMapper.swift; sourceTree = "<group>"; };
		E10000020000000000000007 /* KeyboardLayoutDetector.swift */ = {isa = PBXFileReference; lastKnownFileType = sourcecode.swift; path = KeyboardLayoutDetector.swift; sourceTree = "<group>"; };
		E10000020000000000000008 /* TextConverter.swift */ = {isa = PBXFileReference; lastKnownFileType = sourcecode.swift; path = TextConverter.swift; sourceTree = "<group>"; };
		E10000020000000000000009 /* HotkeyManager.swift */ = {isa = PBXFileReference; lastKnownFileType = sourcecode.swift; path = HotkeyManager.swift; sourceTree = "<group>"; };
		E10000020000000000000010 /* AccessibilityService.swift */ = {isa = PBXFileReference; lastKnownFileType = sourcecode.swift; path = AccessibilityService.swift; sourceTree = "<group>"; };
		E10000020000000000000011 /* SettingsManager.swift */ = {isa = PBXFileReference; lastKnownFileType = sourcecode.swift; path = SettingsManager.swift; sourceTree = "<group>"; };
		E10000020000000000000012 /* KeyboardLayout.swift */ = {isa = PBXFileReference; lastKnownFileType = sourcecode.swift; path = KeyboardLayout.swift; sourceTree = "<group>"; };
		E10000020000000000000013 /* Assets.xcassets */ = {isa = PBXFileReference; lastKnownFileType = folder.assetcatalog; path = Assets.xcassets; sourceTree = "<group>"; };
		E10000020000000000000014 /* HotkeyRecorderView.swift */ = {isa = PBXFileReference; lastKnownFileType = sourcecode.swift; path = HotkeyRecorderView.swift; sourceTree = "<group>"; };
		E10000020000000000000015 /* PermissionsView.swift */ = {isa = PBXFileReference; lastKnownFileType = sourcecode.swift; path = PermissionsView.swift; sourceTree = "<group>"; };
		E10000020000000000000016 /* ConversionLog.swift */ = {isa = PBXFileReference; lastKnownFileType = sourcecode.swift; path = ConversionLog.swift; sourceTree = "<group>"; };
		E10000020000000000000017 /* ConversionLogStore.swift */ = {isa = PBXFileReference; lastKnownFileType = sourcecode.swift; path = ConversionLogStore.swift; sourceTree = "<group>"; };
		E10000020000000000000018 /* ConversionLogView.swift */ = {isa = PBXFileReference; lastKnownFileType = sourcecode.swift; path = ConversionLogView.swift; sourceTree = "<group>"; };
		E10000020000000000000019 /* LocalizationManager.swift */ = {isa = PBXFileReference; lastKnownFileType = sourcecode.swift; path = LocalizationManager.swift; sourceTree = "<group>"; };
		E10000020000000000000020 /* Strings_en.swift */ = {isa = PBXFileReference; lastKnownFileType = sourcecode.swift; path = Strings_en.swift; sourceTree = "<group>"; };
		E10000020000000000000021 /* Strings_ru.swift */ = {isa = PBXFileReference; lastKnownFileType = sourcecode.swift; path = Strings_ru.swift; sourceTree = "<group>"; };
		E10000020000000000000101 /* LayoutMapperTests.swift */ = {isa = PBXFileReference; lastKnownFileType = sourcecode.swift; path = LayoutMapperTests.swift; sourceTree = "<group>"; };
		E10000020000000000000102 /* TextConverterTests.swift */ = {isa = PBXFileReference; lastKnownFileType = sourcecode.swift; path = TextConverterTests.swift; sourceTree = "<group>"; };
		E10000030000000000000001 /* LangSwitcher.app */ = {isa = PBXFileReference; explicitFileType = wrapper.application; includeInIndex = 0; path = LangSwitcher.app; sourceTree = BUILT_PRODUCTS_DIR; };
		E10000030000000000000002 /* Info.plist */ = {isa = PBXFileReference; lastKnownFileType = text.plist.xml; path = Info.plist; sourceTree = "<group>"; };
		E10000030000000000000003 /* LangSwitcher.entitlements */ = {isa = PBXFileReference; lastKnownFileType = text.plist.entitlements; path = LangSwitcher.entitlements; sourceTree = "<group>"; };
		E10000030000000000000101 /* LangSwitcherTests.xctest */ = {isa = PBXFileReference; explicitFileType = wrapper.cfbundle; includeInIndex = 0; path = LangSwitcherTests.xctest; sourceTree = BUILT_PRODUCTS_DIR; };
/* End PBXFileReference section */

/* Begin PBXFrameworksBuildPhase section */
		E10000040000000000000001 /* Frameworks */ = {
			isa = PBXFrameworksBuildPhase;
			buildActionMask = 2147483647;
			files = (
			);
			runOnlyForDeploymentPostprocessing = 0;
		};
		E10000040000000000000101 /* Frameworks */ = {
			isa = PBXFrameworksBuildPhase;
			buildActionMask = 2147483647;
			files = (
			);
			runOnlyForDeploymentPostprocessing = 0;
		};
/* End PBXFrameworksBuildPhase section */

/* Begin PBXGroup section */
		E10000050000000000000001 = {
			isa = PBXGroup;
			children = (
				E10000050000000000000002 /* LangSwitcher */,
				E10000050000000000000101 /* LangSwitcherTests */,
				E10000050000000000000010 /* Products */,
			);
			sourceTree = "<group>";
		};
		E10000050000000000000002 /* LangSwitcher */ = {
			isa = PBXGroup;
			children = (
				E10000050000000000000003 /* Sources */,
				E10000050000000000000009 /* Resources */,
				E10000030000000000000002 /* Info.plist */,
				E10000030000000000000003 /* LangSwitcher.entitlements */,
			);
			path = LangSwitcher;
			sourceTree = "<group>";
		};
		E10000050000000000000003 /* Sources */ = {
			isa = PBXGroup;
			children = (
				E10000050000000000000004 /* App */,
				E10000050000000000000005 /* Views */,
				E10000050000000000000006 /* Services */,
				E10000050000000000000007 /* Models */,
				E10000050000000000000008 /* Localization */,
			);
			path = Sources;
			sourceTree = "<group>";
		};
		E10000050000000000000004 /* App */ = {
			isa = PBXGroup;
			children = (
				E10000020000000000000001 /* LangSwitcherApp.swift */,
				E10000020000000000000002 /* AppDelegate.swift */,
				E10000020000000000000003 /* StatusBarController.swift */,
			);
			path = App;
			sourceTree = "<group>";
		};
		E10000050000000000000005 /* Views */ = {
			isa = PBXGroup;
			children = (
				E10000020000000000000004 /* SettingsView.swift */,
				E10000020000000000000005 /* AboutView.swift */,
				E10000020000000000000014 /* HotkeyRecorderView.swift */,
				E10000020000000000000015 /* PermissionsView.swift */,
				E10000020000000000000018 /* ConversionLogView.swift */,
			);
			path = Views;
			sourceTree = "<group>";
		};
		E10000050000000000000006 /* Services */ = {
			isa = PBXGroup;
			children = (
				E10000020000000000000006 /* LayoutMapper.swift */,
				E10000020000000000000007 /* KeyboardLayoutDetector.swift */,
				E10000020000000000000008 /* TextConverter.swift */,
				E10000020000000000000009 /* HotkeyManager.swift */,
				E10000020000000000000010 /* AccessibilityService.swift */,
				E10000020000000000000011 /* SettingsManager.swift */,
				E10000020000000000000017 /* ConversionLogStore.swift */,
			);
			path = Services;
			sourceTree = "<group>";
		};
		E10000050000000000000007 /* Models */ = {
			isa = PBXGroup;
			children = (
				E10000020000000000000012 /* KeyboardLayout.swift */,
				E10000020000000000000016 /* ConversionLog.swift */,
			);
			path = Models;
			sourceTree = "<group>";
		};
		E10000050000000000000008 /* Localization */ = {
			isa = PBXGroup;
			children = (
				E10000020000000000000019 /* LocalizationManager.swift */,
				E10000020000000000000020 /* Strings_en.swift */,
				E10000020000000000000021 /* Strings_ru.swift */,
			);
			path = Localization;
			sourceTree = "<group>";
		};
		E10000050000000000000009 /* Resources */ = {
			isa = PBXGroup;
			children = (
				E10000020000000000000013 /* Assets.xcassets */,
			);
			path = Resources;
			sourceTree = "<group>";
		};
		E10000050000000000000010 /* Products */ = {
			isa = PBXGroup;
			children = (
				E10000030000000000000001 /* LangSwitcher.app */,
				E10000030000000000000101 /* LangSwitcherTests.xctest */,
			);
			name = Products;
			sourceTree = "<group>";
		};
		E10000050000000000000101 /* LangSwitcherTests */ = {
			isa = PBXGroup;
			children = (
				E10000020000000000000101 /* LayoutMapperTests.swift */,
				E10000020000000000000102 /* TextConverterTests.swift */,
			);
			path = LangSwitcherTests;
			sourceTree = "<group>";
		};
/* End PBXGroup section */

/* Begin PBXNativeTarget section */
		E10000060000000000000001 /* LangSwitcher */ = {
			isa = PBXNativeTarget;
			buildConfigurationList = E10000080000000000000001 /* Build configuration list for PBXNativeTarget "LangSwitcher" */;
			buildPhases = (
				E10000060000000000000002 /* Sources */,
				E10000040000000000000001 /* Frameworks */,
				E10000060000000000000003 /* Resources */,
			);
			buildRules = (
			);
			dependencies = (
			);
			name = LangSwitcher;
			productName = LangSwitcher;
			productReference = E10000030000000000000001 /* LangSwitcher.app */;
			productType = "com.apple.product-type.application";
		};
		E10000060000000000000101 /* LangSwitcherTests */ = {
			isa = PBXNativeTarget;
			buildConfigurationList = E10000080000000000000101 /* Build configuration list for PBXNativeTarget "LangSwitcherTests" */;
			buildPhases = (
				E10000060000000000000102 /* Sources */,
				E10000040000000000000101 /* Frameworks */,
				E10000060000000000000103 /* Resources */,
			);
			buildRules = (
			);
			dependencies = (
				E1000000B000000000000001 /* PBXTargetDependency */,
			);
			name = LangSwitcherTests;
			productName = LangSwitcherTests;
			productReference = E10000030000000000000101 /* LangSwitcherTests.xctest */;
			productType = "com.apple.product-type.bundle.unit-test";
		};
/* End PBXNativeTarget section */

/* Begin PBXProject section */
		E10000070000000000000001 /* Project object */ = {
			isa = PBXProject;
			attributes = {
				BuildIndependentTargetsInParallel = 1;
				LastSwiftUpdateCheck = 1540;
				LastUpgradeCheck = 1540;
				TargetAttributes = {
					E10000060000000000000001 = {
						CreatedOnToolsVersion = 15.4;
					};
					E10000060000000000000101 = {
						CreatedOnToolsVersion = 15.4;
						TestTargetID = E10000060000000000000001;
					};
				};
			};
			buildConfigurationList = E10000080000000000000002 /* Build configuration list for PBXProject "LangSwitcher" */;
			compatibilityVersion = "Xcode 14.0";
			developmentRegion = en;
			hasScannedForEncodings = 0;
			knownRegions = (
				en,
				Base,
			);
			mainGroup = E10000050000000000000001;
			productRefGroup = E10000050000000000000010 /* Products */;
			projectDirPath = "";
			projectRoot = "";
			targets = (
				E10000060000000000000001 /* LangSwitcher */,
				E10000060000000000000101 /* LangSwitcherTests */,
			);
		};
/* End PBXProject section */

/* Begin PBXResourcesBuildPhase section */
		E10000060000000000000003 /* Resources */ = {
			isa = PBXResourcesBuildPhase;
			buildActionMask = 2147483647;
			files = (
				E10000010000000000000013 /* Assets.xcassets in Resources */,
			);
			runOnlyForDeploymentPostprocessing = 0;
		};
		E10000060000000000000103 /* Resources */ = {
			isa = PBXResourcesBuildPhase;
			buildActionMask = 2147483647;
			files = (
			);
			runOnlyForDeploymentPostprocessing = 0;
		};
/* End PBXResourcesBuildPhase section */

/* Begin PBXSourcesBuildPhase section */
		E10000060000000000000002 /* Sources */ = {
			isa = PBXSourcesBuildPhase;
			buildActionMask = 2147483647;
			files = (
				E10000010000000000000001 /* LangSwitcherApp.swift in Sources */,
				E10000010000000000000002 /* AppDelegate.swift in Sources */,
				E10000010000000000000003 /* StatusBarController.swift in Sources */,
				E10000010000000000000004 /* SettingsView.swift in Sources */,
				E10000010000000000000005 /* AboutView.swift in Sources */,
				E10000010000000000000006 /* LayoutMapper.swift in Sources */,
				E10000010000000000000007 /* KeyboardLayoutDetector.swift in Sources */,
				E10000010000000000000008 /* TextConverter.swift in Sources */,
				E10000010000000000000009 /* HotkeyManager.swift in Sources */,
				E10000010000000000000010 /* AccessibilityService.swift in Sources */,
				E10000010000000000000011 /* SettingsManager.swift in Sources */,
				E10000010000000000000012 /* KeyboardLayout.swift in Sources */,
				E10000010000000000000014 /* HotkeyRecorderView.swift in Sources */,
				E10000010000000000000015 /* PermissionsView.swift in Sources */,
				E10000010000000000000016 /* ConversionLog.swift in Sources */,
				E10000010000000000000017 /* ConversionLogStore.swift in Sources */,
				E10000010000000000000018 /* ConversionLogView.swift in Sources */,
				E10000010000000000000019 /* LocalizationManager.swift in Sources */,
				E10000010000000000000020 /* Strings_en.swift in Sources */,
				E10000010000000000000021 /* Strings_ru.swift in Sources */,
			);
			runOnlyForDeploymentPostprocessing = 0;
		};
		E10000060000000000000102 /* Sources */ = {
			isa = PBXSourcesBuildPhase;
			buildActionMask = 2147483647;
			files = (
				E10000010000000000000101 /* LayoutMapperTests.swift in Sources */,
				E10000010000000000000102 /* TextConverterTests.swift in Sources */,
			);
			runOnlyForDeploymentPostprocessing = 0;
		};
/* End PBXSourcesBuildPhase section */

/* Begin PBXTargetDependency section */
		E1000000B000000000000001 /* PBXTargetDependency */ = {
			isa = PBXTargetDependency;
			target = E10000060000000000000001 /* LangSwitcher */;
			targetProxy = E1000000A000000000000001 /* PBXContainerItemProxy */;
		};
/* End PBXTargetDependency section */

/* Begin XCBuildConfiguration section */
		E10000090000000000000001 /* Debug */ = {
			isa = XCBuildConfiguration;
			buildSettings = {
				ALWAYS_SEARCH_USER_PATHS = NO;
				ASSETCATALOG_COMPILER_GENERATE_SWIFT_ASSET_SYMBOL_EXTENSIONS = YES;
				CLANG_ANALYZER_NONNULL = YES;
				CLANG_ANALYZER_NUMBER_OBJECT_CONVERSION = YES_AGGRESSIVE;
				CLANG_CXX_LANGUAGE_STANDARD = "gnu++20";
				CLANG_ENABLE_MODULES = YES;
				CLANG_ENABLE_OBJC_ARC = YES;
				CLANG_ENABLE_OBJC_WEAK = YES;
				CLANG_WARN_BLOCK_CAPTURE_AUTORELEASING = YES;
				CLANG_WARN_BOOL_CONVERSION = YES;
				CLANG_WARN_COMMA = YES;
				CLANG_WARN_CONSTANT_CONVERSION = YES;
				CLANG_WARN_DEPRECATED_OBJC_IMPLEMENTATIONS = YES;
				CLANG_WARN_DIRECT_OBJC_ISA_USAGE = YES_ERROR;
				CLANG_WARN_DOCUMENTATION_COMMENTS = YES;
				CLANG_WARN_EMPTY_BODY = YES;
				CLANG_WARN_ENUM_CONVERSION = YES;
				CLANG_WARN_INFINITE_RECURSION = YES;
				CLANG_WARN_INT_CONVERSION = YES;
				CLANG_WARN_NON_LITERAL_NULL_CONVERSION = YES;
				CLANG_WARN_OBJC_IMPLICIT_RETAIN_SELF = YES;
				CLANG_WARN_OBJC_LITERAL_CONVERSION = YES;
				CLANG_WARN_OBJC_ROOT_CLASS = YES_ERROR;
				CLANG_WARN_QUOTED_INCLUDE_IN_FRAMEWORK_HEADER = YES;
				CLANG_WARN_RANGE_LOOP_ANALYSIS = YES;
				CLANG_WARN_STRICT_PROTOTYPES = YES;
				CLANG_WARN_SUSPICIOUS_MOVE = YES;
				CLANG_WARN_UNGUARDED_AVAILABILITY = YES_AGGRESSIVE;
				CLANG_WARN_UNREACHABLE_CODE = YES;
				CLANG_WARN__DUPLICATE_METHOD_MATCH = YES;
				COPY_PHASE_STRIP = NO;
				DEBUG_INFORMATION_FORMAT = dwarf;
				ENABLE_STRICT_OBJC_MSGSEND = YES;
				ENABLE_TESTABILITY = YES;
				ENABLE_USER_SCRIPT_SANDBOXING = YES;
				GCC_C_LANGUAGE_STANDARD = gnu17;
				GCC_DYNAMIC_NO_PIC = NO;
				GCC_NO_COMMON_BLOCKS = YES;
				GCC_OPTIMIZATION_LEVEL = 0;
				GCC_PREPROCESSOR_DEFINITIONS = (
					"DEBUG=1",
					"$(inherited)",
				);
				GCC_WARN_64_TO_32_BIT_CONVERSION = YES;
				GCC_WARN_ABOUT_RETURN_TYPE = YES_ERROR;
				GCC_WARN_UNDECLARED_SELECTOR = YES;
				GCC_WARN_UNINITIALIZED_AUTOS = YES_AGGRESSIVE;
				GCC_WARN_UNUSED_FUNCTION = YES;
				GCC_WARN_UNUSED_VARIABLE = YES;
				MACOSX_DEPLOYMENT_TARGET = 13.0;
				MTL_ENABLE_DEBUG_INFO = INCLUDE_SOURCE;
				MTL_FAST_MATH = YES;
				ONLY_ACTIVE_ARCH = YES;
				SDKROOT = macosx;
				SWIFT_ACTIVE_COMPILATION_CONDITIONS = "DEBUG $(inherited)";
				SWIFT_OPTIMIZATION_LEVEL = "-Onone";
			};
			name = Debug;
		};
		E10000090000000000000002 /* Release */ = {
			isa = XCBuildConfiguration;
			buildSettings = {
				ALWAYS_SEARCH_USER_PATHS = NO;
				ASSETCATALOG_COMPILER_GENERATE_SWIFT_ASSET_SYMBOL_EXTENSIONS = YES;
				CLANG_ANALYZER_NONNULL = YES;
				CLANG_ANALYZER_NUMBER_OBJECT_CONVERSION = YES_AGGRESSIVE;
				CLANG_CXX_LANGUAGE_STANDARD = "gnu++20";
				CLANG_ENABLE_MODULES = YES;
				CLANG_ENABLE_OBJC_ARC = YES;
				CLANG_ENABLE_OBJC_WEAK = YES;
				CLANG_WARN_BLOCK_CAPTURE_AUTORELEASING = YES;
				CLANG_WARN_BOOL_CONVERSION = YES;
				CLANG_WARN_COMMA = YES;
				CLANG_WARN_CONSTANT_CONVERSION = YES;
				CLANG_WARN_DEPRECATED_OBJC_IMPLEMENTATIONS = YES;
				CLANG_WARN_DIRECT_OBJC_ISA_USAGE = YES_ERROR;
				CLANG_WARN_DOCUMENTATION_COMMENTS = YES;
				CLANG_WARN_EMPTY_BODY = YES;
				CLANG_WARN_ENUM_CONVERSION = YES;
				CLANG_WARN_INFINITE_RECURSION = YES;
				CLANG_WARN_INT_CONVERSION = YES;
				CLANG_WARN_NON_LITERAL_NULL_CONVERSION = YES;
				CLANG_WARN_OBJC_IMPLICIT_RETAIN_SELF = YES;
				CLANG_WARN_OBJC_LITERAL_CONVERSION = YES;
				CLANG_WARN_OBJC_ROOT_CLASS = YES_ERROR;
				CLANG_WARN_QUOTED_INCLUDE_IN_FRAMEWORK_HEADER = YES;
				CLANG_WARN_RANGE_LOOP_ANALYSIS = YES;
				CLANG_WARN_STRICT_PROTOTYPES = YES;
				CLANG_WARN_SUSPICIOUS_MOVE = YES;
				CLANG_WARN_UNGUARDED_AVAILABILITY = YES_AGGRESSIVE;
				CLANG_WARN_UNREACHABLE_CODE = YES;
				CLANG_WARN__DUPLICATE_METHOD_MATCH = YES;
				COPY_PHASE_STRIP = NO;
				DEBUG_INFORMATION_FORMAT = "dwarf-with-dsym";
				ENABLE_NS_ASSERTIONS = NO;
				ENABLE_STRICT_OBJC_MSGSEND = YES;
				ENABLE_USER_SCRIPT_SANDBOXING = YES;
				GCC_C_LANGUAGE_STANDARD = gnu17;
				GCC_NO_COMMON_BLOCKS = YES;
				GCC_WARN_64_TO_32_BIT_CONVERSION = YES;
				GCC_WARN_ABOUT_RETURN_TYPE = YES_ERROR;
				GCC_WARN_UNDECLARED_SELECTOR = YES;
				GCC_WARN_UNINITIALIZED_AUTOS = YES_AGGRESSIVE;
				GCC_WARN_UNUSED_FUNCTION = YES;
				GCC_WARN_UNUSED_VARIABLE = YES;
				MACOSX_DEPLOYMENT_TARGET = 13.0;
				MTL_ENABLE_DEBUG_INFO = NO;
				MTL_FAST_MATH = YES;
				SDKROOT = macosx;
				SWIFT_COMPILATION_MODE = wholemodule;
			};
			name = Release;
		};
		E10000090000000000000003 /* Debug */ = {
			isa = XCBuildConfiguration;
			buildSettings = {
				ASSETCATALOG_COMPILER_APPICON_NAME = AppIcon;
				ASSETCATALOG_COMPILER_GLOBAL_ACCENT_COLOR_NAME = AccentColor;
				CODE_SIGN_ENTITLEMENTS = LangSwitcher/LangSwitcher.entitlements;
				CODE_SIGN_STYLE = Automatic;
				COMBINE_HIDPI_IMAGES = YES;
				CURRENT_PROJECT_VERSION = 1;
				DEVELOPMENT_TEAM = "";
				ENABLE_HARDENED_RUNTIME = YES;
				GENERATE_INFOPLIST_FILE = NO;
				INFOPLIST_FILE = LangSwitcher/Info.plist;
				INFOPLIST_KEY_LSApplicationCategoryType = "public.app-category.utilities";
				INFOPLIST_KEY_LSUIElement = YES;
				INFOPLIST_KEY_NSHumanReadableCopyright = "Copyright 2025 LangSwitcher Contributors. MIT License.";
				LD_RUNPATH_SEARCH_PATHS = (
					"$(inherited)",
					"@executable_path/../Frameworks",
				);
				MARKETING_VERSION = 1.0.0;
				PRODUCT_BUNDLE_IDENTIFIER = com.langswitcher.app;
				PRODUCT_NAME = "$(TARGET_NAME)";
				SWIFT_EMIT_LOC_STRINGS = YES;
				SWIFT_VERSION = 5.0;
			};
			name = Debug;
		};
		E10000090000000000000004 /* Release */ = {
			isa = XCBuildConfiguration;
			buildSettings = {
				ASSETCATALOG_COMPILER_APPICON_NAME = AppIcon;
				ASSETCATALOG_COMPILER_GLOBAL_ACCENT_COLOR_NAME = AccentColor;
				CODE_SIGN_ENTITLEMENTS = LangSwitcher/LangSwitcher.entitlements;
				CODE_SIGN_STYLE = Automatic;
				COMBINE_HIDPI_IMAGES = YES;
				CURRENT_PROJECT_VERSION = 1;
				DEVELOPMENT_TEAM = "";
				ENABLE_HARDENED_RUNTIME = YES;
				GENERATE_INFOPLIST_FILE = NO;
				INFOPLIST_FILE = LangSwitcher/Info.plist;
				INFOPLIST_KEY_LSApplicationCategoryType = "public.app-category.utilities";
				INFOPLIST_KEY_LSUIElement = YES;
				INFOPLIST_KEY_NSHumanReadableCopyright = "Copyright 2025 LangSwitcher Contributors. MIT License.";
				LD_RUNPATH_SEARCH_PATHS = (
					"$(inherited)",
					"@executable_path/../Frameworks",
				);
				MARKETING_VERSION = 1.0.0;
				PRODUCT_BUNDLE_IDENTIFIER = com.langswitcher.app;
				PRODUCT_NAME = "$(TARGET_NAME)";
				SWIFT_EMIT_LOC_STRINGS = YES;
				SWIFT_VERSION = 5.0;
			};
			name = Release;
		};
		E10000090000000000000101 /* Debug */ = {
			isa = XCBuildConfiguration;
			buildSettings = {
				BUNDLE_LOADER = "$(TEST_HOST)";
				CODE_SIGN_STYLE = Automatic;
				CURRENT_PROJECT_VERSION = 1;
				DEVELOPMENT_TEAM = "";
				GENERATE_INFOPLIST_FILE = YES;
				MARKETING_VERSION = 1.0.0;
				PRODUCT_BUNDLE_IDENTIFIER = com.langswitcher.tests;
				PRODUCT_NAME = "$(TARGET_NAME)";
				SWIFT_EMIT_LOC_STRINGS = NO;
				SWIFT_VERSION = 5.0;
				TEST_HOST = "$(BUILT_PRODUCTS_DIR)/LangSwitcher.app/Contents/MacOS/LangSwitcher";
			};
			name = Debug;
		};
		E10000090000000000000102 /* Release */ = {
			isa = XCBuildConfiguration;
			buildSettings = {
				BUNDLE_LOADER = "$(TEST_HOST)";
				CODE_SIGN_STYLE = Automatic;
				CURRENT_PROJECT_VERSION = 1;
				DEVELOPMENT_TEAM = "";
				GENERATE_INFOPLIST_FILE = YES;
				MARKETING_VERSION = 1.0.0;
				PRODUCT_BUNDLE_IDENTIFIER = com.langswitcher.tests;
				PRODUCT_NAME = "$(TARGET_NAME)";
				SWIFT_EMIT_LOC_STRINGS = NO;
				SWIFT_VERSION = 5.0;
				TEST_HOST = "$(BUILT_PRODUCTS_DIR)/LangSwitcher.app/Contents/MacOS/LangSwitcher";
			};
			name = Release;
		};
/* End XCBuildConfiguration section */

/* Begin XCConfigurationList section */
		E10000080000000000000001 /* Build configuration list for PBXNativeTarget "LangSwitcher" */ = {
			isa = XCConfigurationList;
			buildConfigurations = (
				E10000090000000000000003 /* Debug */,
				E10000090000000000000004 /* Release */,
			);
			defaultConfigurationIsVisible = 0;
			defaultConfigurationName = Release;
		};
		E10000080000000000000002 /* Build configuration list for PBXProject "LangSwitcher" */ = {
			isa = XCConfigurationList;
			buildConfigurations = (
				E10000090000000000000001 /* Debug */,
				E10000090000000000000002 /* Release */,
			);
			defaultConfigurationIsVisible = 0;
			defaultConfigurationName = Release;
		};
		E10000080000000000000101 /* Build configuration list for PBXNativeTarget "LangSwitcherTests" */ = {
			isa = XCConfigurationList;
			buildConfigurations = (
				E10000090000000000000101 /* Debug */,
				E10000090000000000000102 /* Release */,
			);
			defaultConfigurationIsVisible = 0;
			defaultConfigurationName = Release;
		};
/* End XCConfigurationList section */
	};
	rootObject = E10000070000000000000001 /* Project object */;
}
